// !$*UTF8*$!
{
	archiveVersion = 1;
	classes = {
	};
	objectVersion = 50;
	objects = {

/* Begin PBXBuildFile section */
		7448C3DF22BFD8B700DBDD78 /* AppDelegate.swift in Sources */ = {isa = PBXBuildFile; fileRef = 7448C3DE22BFD8B700DBDD78 /* AppDelegate.swift */; };
		7448C3E122BFD8B700DBDD78 /* SceneDelegate.swift in Sources */ = {isa = PBXBuildFile; fileRef = 7448C3E022BFD8B700DBDD78 /* SceneDelegate.swift */; };
		7448C3E322BFD8B700DBDD78 /* ContentView.swift in Sources */ = {isa = PBXBuildFile; fileRef = 7448C3E222BFD8B700DBDD78 /* ContentView.swift */; };
		7448C3E522BFD8BB00DBDD78 /* Assets.xcassets in Resources */ = {isa = PBXBuildFile; fileRef = 7448C3E422BFD8BB00DBDD78 /* Assets.xcassets */; };
		7448C3E822BFD8BB00DBDD78 /* Preview Assets.xcassets in Resources */ = {isa = PBXBuildFile; fileRef = 7448C3E722BFD8BB00DBDD78 /* Preview Assets.xcassets */; };
		7448C3EB22BFD8BB00DBDD78 /* LaunchScreen.storyboard in Resources */ = {isa = PBXBuildFile; fileRef = 7448C3E922BFD8BB00DBDD78 /* LaunchScreen.storyboard */; };
		7448C40022BFD92000DBDD78 /* Round.partial.swift in Sources */ = {isa = PBXBuildFile; fileRef = 7448C3F522BFD92000DBDD78 /* Round.partial.swift */; };
		7448C40122BFD92000DBDD78 /* Scores.partial.swift in Sources */ = {isa = PBXBuildFile; fileRef = 7448C3F622BFD92000DBDD78 /* Scores.partial.swift */; };
		7448C40222BFD92000DBDD78 /* TeamScoreModal.swift in Sources */ = {isa = PBXBuildFile; fileRef = 7448C3F722BFD92000DBDD78 /* TeamScoreModal.swift */; };
		7448C40322BFD92000DBDD78 /* Teams.partial.swift in Sources */ = {isa = PBXBuildFile; fileRef = 7448C3F822BFD92000DBDD78 /* Teams.partial.swift */; };
		7448C40422BFD92000DBDD78 /* Label.swift in Sources */ = {isa = PBXBuildFile; fileRef = 7448C3FA22BFD92000DBDD78 /* Label.swift */; };
		7448C40522BFD92000DBDD78 /* TeamScorer.swift in Sources */ = {isa = PBXBuildFile; fileRef = 7448C3FB22BFD92000DBDD78 /* TeamScorer.swift */; };
		7448C40622BFD92000DBDD78 /* Team.swift in Sources */ = {isa = PBXBuildFile; fileRef = 7448C3FC22BFD92000DBDD78 /* Team.swift */; };
		7448C40722BFD92000DBDD78 /* GameStore.swift in Sources */ = {isa = PBXBuildFile; fileRef = 7448C3FE22BFD92000DBDD78 /* GameStore.swift */; };
		7448C40822BFD92000DBDD78 /* RoundStore.swift in Sources */ = {isa = PBXBuildFile; fileRef = 7448C3FF22BFD92000DBDD78 /* RoundStore.swift */; };
/* End PBXBuildFile section */

/* Begin PBXFileReference section */
		7448C3DB22BFD8B700DBDD78 /* Cornhole App.app */ = {isa = PBXFileReference; explicitFileType = wrapper.application; includeInIndex = 0; path = "Cornhole App.app"; sourceTree = BUILT_PRODUCTS_DIR; };
		7448C3DE22BFD8B700DBDD78 /* AppDelegate.swift */ = {isa = PBXFileReference; lastKnownFileType = sourcecode.swift; path = AppDelegate.swift; sourceTree = "<group>"; };
		7448C3E022BFD8B700DBDD78 /* SceneDelegate.swift */ = {isa = PBXFileReference; lastKnownFileType = sourcecode.swift; path = SceneDelegate.swift; sourceTree = "<group>"; };
		7448C3E222BFD8B700DBDD78 /* ContentView.swift */ = {isa = PBXFileReference; lastKnownFileType = sourcecode.swift; name = ContentView.swift; path = ../ContentView.swift; sourceTree = "<group>"; };
		7448C3E422BFD8BB00DBDD78 /* Assets.xcassets */ = {isa = PBXFileReference; lastKnownFileType = folder.assetcatalog; path = Assets.xcassets; sourceTree = "<group>"; };
		7448C3E722BFD8BB00DBDD78 /* Preview Assets.xcassets */ = {isa = PBXFileReference; lastKnownFileType = folder.assetcatalog; path = "Preview Assets.xcassets"; sourceTree = "<group>"; };
		7448C3EA22BFD8BB00DBDD78 /* Base */ = {isa = PBXFileReference; lastKnownFileType = file.storyboard; name = Base; path = Base.lproj/LaunchScreen.storyboard; sourceTree = "<group>"; };
		7448C3EC22BFD8BB00DBDD78 /* Info.plist */ = {isa = PBXFileReference; lastKnownFileType = text.plist.xml; path = Info.plist; sourceTree = "<group>"; };
		7448C3F522BFD92000DBDD78 /* Round.partial.swift */ = {isa = PBXFileReference; fileEncoding = 4; lastKnownFileType = sourcecode.swift; path = Round.partial.swift; sourceTree = "<group>"; };
		7448C3F622BFD92000DBDD78 /* Scores.partial.swift */ = {isa = PBXFileReference; fileEncoding = 4; lastKnownFileType = sourcecode.swift; path = Scores.partial.swift; sourceTree = "<group>"; };
		7448C3F722BFD92000DBDD78 /* TeamScoreModal.swift */ = {isa = PBXFileReference; fileEncoding = 4; lastKnownFileType = sourcecode.swift; path = TeamScoreModal.swift; sourceTree = "<group>"; };
		7448C3F822BFD92000DBDD78 /* Teams.partial.swift */ = {isa = PBXFileReference; fileEncoding = 4; lastKnownFileType = sourcecode.swift; path = Teams.partial.swift; sourceTree = "<group>"; };
		7448C3FA22BFD92000DBDD78 /* Label.swift */ = {isa = PBXFileReference; fileEncoding = 4; lastKnownFileType = sourcecode.swift; path = Label.swift; sourceTree = "<group>"; };
		7448C3FB22BFD92000DBDD78 /* TeamScorer.swift */ = {isa = PBXFileReference; fileEncoding = 4; lastKnownFileType = sourcecode.swift; path = TeamScorer.swift; sourceTree = "<group>"; };
		7448C3FC22BFD92000DBDD78 /* Team.swift */ = {isa = PBXFileReference; fileEncoding = 4; lastKnownFileType = sourcecode.swift; path = Team.swift; sourceTree = "<group>"; };
		7448C3FE22BFD92000DBDD78 /* GameStore.swift */ = {isa = PBXFileReference; fileEncoding = 4; lastKnownFileType = sourcecode.swift; path = GameStore.swift; sourceTree = "<group>"; };
		7448C3FF22BFD92000DBDD78 /* RoundStore.swift */ = {isa = PBXFileReference; fileEncoding = 4; lastKnownFileType = sourcecode.swift; path = RoundStore.swift; sourceTree = "<group>"; };
/* End PBXFileReference section */

/* Begin PBXFrameworksBuildPhase section */
		7448C3D822BFD8B700DBDD78 /* Frameworks */ = {
			isa = PBXFrameworksBuildPhase;
			buildActionMask = 2147483647;
			files = (
			);
			runOnlyForDeploymentPostprocessing = 0;
		};
/* End PBXFrameworksBuildPhase section */

/* Begin PBXGroup section */
		7448C3D222BFD8B700DBDD78 = {
			isa = PBXGroup;
			children = (
				7448C3DD22BFD8B700DBDD78 /* Cornhole App */,
				7448C3DC22BFD8B700DBDD78 /* Products */,
			);
			sourceTree = "<group>";
		};
		7448C3DC22BFD8B700DBDD78 /* Products */ = {
			isa = PBXGroup;
			children = (
				7448C3DB22BFD8B700DBDD78 /* Cornhole App.app */,
			);
			name = Products;
			sourceTree = "<group>";
		};
		7448C3DD22BFD8B700DBDD78 /* Cornhole App */ = {
			isa = PBXGroup;
			children = (
				7448C3F322BFD8FA00DBDD78 /* src */,
				7448C3F222BFD8DE00DBDD78 /* System */,
				7448C3E622BFD8BB00DBDD78 /* Preview Content */,
			);
			path = "Cornhole App";
			sourceTree = "<group>";
		};
		7448C3E622BFD8BB00DBDD78 /* Preview Content */ = {
			isa = PBXGroup;
			children = (
				7448C3E722BFD8BB00DBDD78 /* Preview Assets.xcassets */,
			);
			path = "Preview Content";
			sourceTree = "<group>";
		};
		7448C3F222BFD8DE00DBDD78 /* System */ = {
			isa = PBXGroup;
			children = (
				7448C3DE22BFD8B700DBDD78 /* AppDelegate.swift */,
				7448C3E022BFD8B700DBDD78 /* SceneDelegate.swift */,
				7448C3E422BFD8BB00DBDD78 /* Assets.xcassets */,
				7448C3E922BFD8BB00DBDD78 /* LaunchScreen.storyboard */,
				7448C3EC22BFD8BB00DBDD78 /* Info.plist */,
			);
			name = System;
			sourceTree = "<group>";
		};
		7448C3F322BFD8FA00DBDD78 /* src */ = {
			isa = PBXGroup;
			children = (
				7448C3F922BFD92000DBDD78 /* Components */,
				7448C3F422BFD92000DBDD78 /* Partials */,
				7448C3FD22BFD92000DBDD78 /* Stores */,
				7448C3E222BFD8B700DBDD78 /* ContentView.swift */,
			);
			path = src;
			sourceTree = "<group>";
		};
		7448C3F422BFD92000DBDD78 /* Partials */ = {
			isa = PBXGroup;
			children = (
				7448C3F522BFD92000DBDD78 /* Round.partial.swift */,
				7448C3F622BFD92000DBDD78 /* Scores.partial.swift */,
				7448C3F722BFD92000DBDD78 /* TeamScoreModal.swift */,
				7448C3F822BFD92000DBDD78 /* Teams.partial.swift */,
			);
			path = Partials;
			sourceTree = "<group>";
		};
		7448C3F922BFD92000DBDD78 /* Components */ = {
			isa = PBXGroup;
			children = (
				7448C3FA22BFD92000DBDD78 /* Label.swift */,
				7448C3FB22BFD92000DBDD78 /* TeamScorer.swift */,
				7448C3FC22BFD92000DBDD78 /* Team.swift */,
			);
			path = Components;
			sourceTree = "<group>";
		};
		7448C3FD22BFD92000DBDD78 /* Stores */ = {
			isa = PBXGroup;
			children = (
				7448C3FE22BFD92000DBDD78 /* GameStore.swift */,
				7448C3FF22BFD92000DBDD78 /* RoundStore.swift */,
			);
			path = Stores;
			sourceTree = "<group>";
		};
/* End PBXGroup section */

/* Begin PBXNativeTarget section */
		7448C3DA22BFD8B700DBDD78 /* Cornhole App */ = {
			isa = PBXNativeTarget;
			buildConfigurationList = 7448C3EF22BFD8BB00DBDD78 /* Build configuration list for PBXNativeTarget "Cornhole App" */;
			buildPhases = (
				7448C3D722BFD8B700DBDD78 /* Sources */,
				7448C3D822BFD8B700DBDD78 /* Frameworks */,
				7448C3D922BFD8B700DBDD78 /* Resources */,
				7448C40922BFD98400DBDD78 /* ShellScript */,
			);
			buildRules = (
			);
			dependencies = (
			);
			name = "Cornhole App";
			productName = "Cornhole App";
			productReference = 7448C3DB22BFD8B700DBDD78 /* Cornhole App.app */;
			productType = "com.apple.product-type.application";
		};
/* End PBXNativeTarget section */

/* Begin PBXProject section */
		7448C3D322BFD8B700DBDD78 /* Project object */ = {
			isa = PBXProject;
			attributes = {
				LastSwiftUpdateCheck = 1100;
				LastUpgradeCheck = 1100;
				ORGANIZATIONNAME = "Fabian Catalina";
				TargetAttributes = {
					7448C3DA22BFD8B700DBDD78 = {
						CreatedOnToolsVersion = 11.0;
					};
				};
			};
			buildConfigurationList = 7448C3D622BFD8B700DBDD78 /* Build configuration list for PBXProject "Cornhole App" */;
			compatibilityVersion = "Xcode 9.3";
			developmentRegion = en;
			hasScannedForEncodings = 0;
			knownRegions = (
				en,
				Base,
			);
			mainGroup = 7448C3D222BFD8B700DBDD78;
			productRefGroup = 7448C3DC22BFD8B700DBDD78 /* Products */;
			projectDirPath = "";
			projectRoot = "";
			targets = (
				7448C3DA22BFD8B700DBDD78 /* Cornhole App */,
			);
		};
/* End PBXProject section */

/* Begin PBXResourcesBuildPhase section */
		7448C3D922BFD8B700DBDD78 /* Resources */ = {
			isa = PBXResourcesBuildPhase;
			buildActionMask = 2147483647;
			files = (
				7448C3EB22BFD8BB00DBDD78 /* LaunchScreen.storyboard in Resources */,
				7448C3E822BFD8BB00DBDD78 /* Preview Assets.xcassets in Resources */,
				7448C3E522BFD8BB00DBDD78 /* Assets.xcassets in Resources */,
			);
			runOnlyForDeploymentPostprocessing = 0;
		};
/* End PBXResourcesBuildPhase section */

/* Begin PBXShellScriptBuildPhase section */
		7448C40922BFD98400DBDD78 /* ShellScript */ = {
			isa = PBXShellScriptBuildPhase;
			buildActionMask = 2147483647;
			files = (
			);
			inputFileListPaths = (
			);
			inputPaths = (
			);
			outputFileListPaths = (
			);
			outputPaths = (
			);
			runOnlyForDeploymentPostprocessing = 0;
			shellPath = /bin/sh;
			shellScript = "# Type a script or drag a script file from your workspace to inse# Type a script or drag a script file from your workspace to insert its path.\nif which swiftformat >/dev/null; then\n  swiftformat .\nelse\n  echo \"warning: SwiftFormat not installed, download from https://github.com/nicklockwood/SwiftFormat\"\nfi\n";
		};
/* End PBXShellScriptBuildPhase section */

/* Begin PBXSourcesBuildPhase section */
		7448C3D722BFD8B700DBDD78 /* Sources */ = {
			isa = PBXSourcesBuildPhase;
			buildActionMask = 2147483647;
			files = (
				7448C3DF22BFD8B700DBDD78 /* AppDelegate.swift in Sources */,
				7448C40722BFD92000DBDD78 /* GameStore.swift in Sources */,
				7448C40022BFD92000DBDD78 /* Round.partial.swift in Sources */,
				7448C40522BFD92000DBDD78 /* TeamScorer.swift in Sources */,
				7448C3E122BFD8B700DBDD78 /* SceneDelegate.swift in Sources */,
				7448C40222BFD92000DBDD78 /* TeamScoreModal.swift in Sources */,
				7448C40122BFD92000DBDD78 /* Scores.partial.swift in Sources */,
				7448C3E322BFD8B700DBDD78 /* ContentView.swift in Sources */,
				7448C40822BFD92000DBDD78 /* RoundStore.swift in Sources */,
				7448C40422BFD92000DBDD78 /* Label.swift in Sources */,
				7448C40622BFD92000DBDD78 /* Team.swift in Sources */,
				7448C40322BFD92000DBDD78 /* Teams.partial.swift in Sources */,
			);
			runOnlyForDeploymentPostprocessing = 0;
		};
/* End PBXSourcesBuildPhase section */

/* Begin PBXVariantGroup section */
		7448C3E922BFD8BB00DBDD78 /* LaunchScreen.storyboard */ = {
			isa = PBXVariantGroup;
			children = (
				7448C3EA22BFD8BB00DBDD78 /* Base */,
			);
			name = LaunchScreen.storyboard;
			sourceTree = "<group>";
		};
/* End PBXVariantGroup section */

/* Begin XCBuildConfiguration section */
		7448C3ED22BFD8BB00DBDD78 /* Debug */ = {
			isa = XCBuildConfiguration;
			buildSettings = {
				ALWAYS_SEARCH_USER_PATHS = NO;
				CLANG_ANALYZER_NONNULL = YES;
				CLANG_ANALYZER_NUMBER_OBJECT_CONVERSION = YES_AGGRESSIVE;
				CLANG_CXX_LANGUAGE_STANDARD = "gnu++14";
				CLANG_CXX_LIBRARY = "libc++";
				CLANG_ENABLE_MODULES = YES;
				CLANG_ENABLE_OBJC_ARC = YES;
				CLANG_ENABLE_OBJC_WEAK = YES;
				CLANG_WARN_BLOCK_CAPTURE_AUTORELEASING = YES;
				CLANG_WARN_BOOL_CONVERSION = YES;
				CLANG_WARN_COMMA = YES;
				CLANG_WARN_CONSTANT_CONVERSION = YES;
				CLANG_WARN_DEPRECATED_OBJC_IMPLEMENTATIONS = YES;
				CLANG_WARN_DIRECT_OBJC_ISA_USAGE = YES_ERROR;
				CLANG_WARN_DOCUMENTATION_COMMENTS = YES;
				CLANG_WARN_EMPTY_BODY = YES;
				CLANG_WARN_ENUM_CONVERSION = YES;
				CLANG_WARN_INFINITE_RECURSION = YES;
				CLANG_WARN_INT_CONVERSION = YES;
				CLANG_WARN_NON_LITERAL_NULL_CONVERSION = YES;
				CLANG_WARN_OBJC_IMPLICIT_RETAIN_SELF = YES;
				CLANG_WARN_OBJC_LITERAL_CONVERSION = YES;
				CLANG_WARN_OBJC_ROOT_CLASS = YES_ERROR;
				CLANG_WARN_RANGE_LOOP_ANALYSIS = YES;
				CLANG_WARN_STRICT_PROTOTYPES = YES;
				CLANG_WARN_SUSPICIOUS_MOVE = YES;
				CLANG_WARN_UNGUARDED_AVAILABILITY = YES_AGGRESSIVE;
				CLANG_WARN_UNREACHABLE_CODE = YES;
				CLANG_WARN__DUPLICATE_METHOD_MATCH = YES;
				COPY_PHASE_STRIP = NO;
				DEBUG_INFORMATION_FORMAT = dwarf;
				ENABLE_STRICT_OBJC_MSGSEND = YES;
				ENABLE_TESTABILITY = YES;
				GCC_C_LANGUAGE_STANDARD = gnu11;
				GCC_DYNAMIC_NO_PIC = NO;
				GCC_NO_COMMON_BLOCKS = YES;
				GCC_OPTIMIZATION_LEVEL = 0;
				GCC_PREPROCESSOR_DEFINITIONS = (
					"DEBUG=1",
					"$(inherited)",
				);
				GCC_WARN_64_TO_32_BIT_CONVERSION = YES;
				GCC_WARN_ABOUT_RETURN_TYPE = YES_ERROR;
				GCC_WARN_UNDECLARED_SELECTOR = YES;
				GCC_WARN_UNINITIALIZED_AUTOS = YES_AGGRESSIVE;
				GCC_WARN_UNUSED_FUNCTION = YES;
				GCC_WARN_UNUSED_VARIABLE = YES;
				IPHONEOS_DEPLOYMENT_TARGET = 13.0;
				MTL_ENABLE_DEBUG_INFO = INCLUDE_SOURCE;
				MTL_FAST_MATH = YES;
				ONLY_ACTIVE_ARCH = YES;
				SDKROOT = iphoneos;
				SWIFT_ACTIVE_COMPILATION_CONDITIONS = DEBUG;
				SWIFT_OPTIMIZATION_LEVEL = "-Onone";
			};
			name = Debug;
		};
		7448C3EE22BFD8BB00DBDD78 /* Release */ = {
			isa = XCBuildConfiguration;
			buildSettings = {
				ALWAYS_SEARCH_USER_PATHS = NO;
				CLANG_ANALYZER_NONNULL = YES;
				CLANG_ANALYZER_NUMBER_OBJECT_CONVERSION = YES_AGGRESSIVE;
				CLANG_CXX_LANGUAGE_STANDARD = "gnu++14";
				CLANG_CXX_LIBRARY = "libc++";
				CLANG_ENABLE_MODULES = YES;
				CLANG_ENABLE_OBJC_ARC = YES;
				CLANG_ENABLE_OBJC_WEAK = YES;
				CLANG_WARN_BLOCK_CAPTURE_AUTORELEASING = YES;
				CLANG_WARN_BOOL_CONVERSION = YES;
				CLANG_WARN_COMMA = YES;
				CLANG_WARN_CONSTANT_CONVERSION = YES;
				CLANG_WARN_DEPRECATED_OBJC_IMPLEMENTATIONS = YES;
				CLANG_WARN_DIRECT_OBJC_ISA_USAGE = YES_ERROR;
				CLANG_WARN_DOCUMENTATION_COMMENTS = YES;
				CLANG_WARN_EMPTY_BODY = YES;
				CLANG_WARN_ENUM_CONVERSION = YES;
				CLANG_WARN_INFINITE_RECURSION = YES;
				CLANG_WARN_INT_CONVERSION = YES;
				CLANG_WARN_NON_LITERAL_NULL_CONVERSION = YES;
				CLANG_WARN_OBJC_IMPLICIT_RETAIN_SELF = YES;
				CLANG_WARN_OBJC_LITERAL_CONVERSION = YES;
				CLANG_WARN_OBJC_ROOT_CLASS = YES_ERROR;
				CLANG_WARN_RANGE_LOOP_ANALYSIS = YES;
				CLANG_WARN_STRICT_PROTOTYPES = YES;
				CLANG_WARN_SUSPICIOUS_MOVE = YES;
				CLANG_WARN_UNGUARDED_AVAILABILITY = YES_AGGRESSIVE;
				CLANG_WARN_UNREACHABLE_CODE = YES;
				CLANG_WARN__DUPLICATE_METHOD_MATCH = YES;
				COPY_PHASE_STRIP = NO;
				DEBUG_INFORMATION_FORMAT = "dwarf-with-dsym";
				ENABLE_NS_ASSERTIONS = NO;
				ENABLE_STRICT_OBJC_MSGSEND = YES;
				GCC_C_LANGUAGE_STANDARD = gnu11;
				GCC_NO_COMMON_BLOCKS = YES;
				GCC_WARN_64_TO_32_BIT_CONVERSION = YES;
				GCC_WARN_ABOUT_RETURN_TYPE = YES_ERROR;
				GCC_WARN_UNDECLARED_SELECTOR = YES;
				GCC_WARN_UNINITIALIZED_AUTOS = YES_AGGRESSIVE;
				GCC_WARN_UNUSED_FUNCTION = YES;
				GCC_WARN_UNUSED_VARIABLE = YES;
				IPHONEOS_DEPLOYMENT_TARGET = 13.0;
				MTL_ENABLE_DEBUG_INFO = NO;
				MTL_FAST_MATH = YES;
				SDKROOT = iphoneos;
				SWIFT_COMPILATION_MODE = wholemodule;
				SWIFT_OPTIMIZATION_LEVEL = "-O";
				VALIDATE_PRODUCT = YES;
			};
			name = Release;
		};
		7448C3F022BFD8BB00DBDD78 /* Debug */ = {
			isa = XCBuildConfiguration;
			buildSettings = {
				ASSETCATALOG_COMPILER_APPICON_NAME = AppIcon;
				CODE_SIGN_STYLE = Automatic;
				DEVELOPMENT_ASSET_PATHS = "\"Cornhole App\"/Preview\\ Content";
				ENABLE_PREVIEWS = YES;
				INFOPLIST_FILE = "Cornhole App/Info.plist";
				LD_RUNPATH_SEARCH_PATHS = (
					"$(inherited)",
					"@executable_path/Frameworks",
				);
				PRODUCT_BUNDLE_IDENTIFIER = "com.buentello.Cornhole-App";
				PRODUCT_NAME = "$(TARGET_NAME)";
				SWIFT_VERSION = 5.0;
				TARGETED_DEVICE_FAMILY = "1,2";
			};
			name = Debug;
		};
		7448C3F122BFD8BB00DBDD78 /* Release */ = {
			isa = XCBuildConfiguration;
			buildSettings = {
				ASSETCATALOG_COMPILER_APPICON_NAME = AppIcon;
				CODE_SIGN_STYLE = Automatic;
				DEVELOPMENT_ASSET_PATHS = "\"Cornhole App\"/Preview\\ Content";
				ENABLE_PREVIEWS = YES;
				INFOPLIST_FILE = "Cornhole App/Info.plist";
				LD_RUNPATH_SEARCH_PATHS = (
					"$(inherited)",
					"@executable_path/Frameworks",
				);
				PRODUCT_BUNDLE_IDENTIFIER = "com.buentello.Cornhole-App";
				PRODUCT_NAME = "$(TARGET_NAME)";
				SWIFT_VERSION = 5.0;
				TARGETED_DEVICE_FAMILY = "1,2";
			};
			name = Release;
		};
/* End XCBuildConfiguration section */

/* Begin XCConfigurationList section */
		7448C3D622BFD8B700DBDD78 /* Build configuration list for PBXProject "Cornhole App" */ = {
			isa = XCConfigurationList;
			buildConfigurations = (
				7448C3ED22BFD8BB00DBDD78 /* Debug */,
				7448C3EE22BFD8BB00DBDD78 /* Release */,
			);
			defaultConfigurationIsVisible = 0;
			defaultConfigurationName = Release;
		};
		7448C3EF22BFD8BB00DBDD78 /* Build configuration list for PBXNativeTarget "Cornhole App" */ = {
			isa = XCConfigurationList;
			buildConfigurations = (
				7448C3F022BFD8BB00DBDD78 /* Debug */,
				7448C3F122BFD8BB00DBDD78 /* Release */,
			);
			defaultConfigurationIsVisible = 0;
			defaultConfigurationName = Release;
		};
/* End XCConfigurationList section */
	};
	rootObject = 7448C3D322BFD8B700DBDD78 /* Project object */;
}
